
Microsoft Visual Studio Solution File, Format Version 12.00
# Visual Studio Version 17
VisualStudioVersion = 17.0.31903.59
MinimumVisualStudioVersion = 10.0.40219.1
Project("{FAE04EC0-301F-11D3-BF4B-00C04F79EFBC}") = "MenuRepository.Repository", "MenuRepository_Repository\MenuRepository.Repository.csproj", "{8AAC2DBF-5886-44ED-BC3C-E05F485CD594}"
EndProject
Project("{FAE04EC0-301F-11D3-BF4B-00C04F79EFBC}") = "KomodoCafe.Console", "KomodoCafe_Console\KomodoCafe.Console.csproj", "{FB9F5701-B809-4A8A-AC9A-053AFBA1D92C}"
EndProject
Global
	GlobalSection(SolutionConfigurationPlatforms) = preSolution
		Debug|Any CPU = Debug|Any CPU
		Release|Any CPU = Release|Any CPU
	EndGlobalSection
	GlobalSection(SolutionProperties) = preSolution
		HideSolutionNode = FALSE
	EndGlobalSection
	GlobalSection(ProjectConfigurationPlatforms) = postSolution
		{8AAC2DBF-5886-44ED-BC3C-E05F485CD594}.Debug|Any CPU.ActiveCfg = Debug|Any CPU
		{8AAC2DBF-5886-44ED-BC3C-E05F485CD594}.Debug|Any CPU.Build.0 = Debug|Any CPU
		{8AAC2DBF-5886-44ED-BC3C-E05F485CD594}.Release|Any CPU.ActiveCfg = Release|Any CPU
		{8AAC2DBF-5886-44ED-BC3C-E05F485CD594}.Release|Any CPU.Build.0 = Release|Any CPU
		{FB9F5701-B809-4A8A-AC9A-053AFBA1D92C}.Debug|Any CPU.ActiveCfg = Debug|Any CPU
		{FB9F5701-B809-4A8A-AC9A-053AFBA1D92C}.Debug|Any CPU.Build.0 = Debug|Any CPU
		{FB9F5701-B809-4A8A-AC9A-053AFBA1D92C}.Release|Any CPU.ActiveCfg = Release|Any CPU
		{FB9F5701-B809-4A8A-AC9A-053AFBA1D92C}.Release|Any CPU.Build.0 = Release|Any CPU
	EndGlobalSection
EndGlobal
